<?xml version="1.0" encoding="UTF-8"?>
<Scheme
   version = "1.3">
   <BuildAction>
      <BuildActionEntries>
         <BuildActionEntry
            buildForRunning = "YES">
            <BuildableReference
               BuildableIdentifier = "primary"
               BlueprintIdentifier = "37665CA4431677C1132D0899"
               BuildableName = "stitch"
               BlueprintName = "stitch"
               ReferencedContainer = "container:stitch.xcodeproj">
            </BuildableReference>
         </BuildActionEntry>
      </BuildActionEntries>
   </BuildAction>
   <LaunchAction
      useCustomWorkingDirectory = "YES"
      buildConfiguration = "Debug"
      customWorkingDirectory = "/Users/pyoussef/workspace/personal/stitch">
      <BuildableProductRunnable>
         <BuildableReference
            BuildableIdentifier = "primary"
            BlueprintIdentifier = "37665CA4431677C1132D0899"
            BuildableName = "stitch"
            BlueprintName = "stitch"
            ReferencedContainer = "container:stitch.xcodeproj">
         </BuildableReference>
      </BuildableProductRunnable>
      <EnvironmentVariables>
         <EnvironmentVariable
            key = "DYLD_LIBRARY_PATH"
            value = "/Users/pyoussef/workspace/personal/ffmpeg/libdir"
            isEnabled = "YES">
         </EnvironmentVariable>
      </EnvironmentVariables>
      <CommandLineArguments>
         <CommandLineArgument
            argument = "/Users/pyoussef/Desktop/ROND.MPG"
            isEnabled = "YES">
         </CommandLineArgument>
         <CommandLineArgument
            argument = "/Users/pyoussef/Desktop/ROUND1.MPG"
            isEnabled = "YES">
         </CommandLineArgument>
         <CommandLineArgument
            argument = "out.mpg"
            isEnabled = "YES">
         </CommandLineArgument>
      </CommandLineArguments>
   </LaunchAction>
</Scheme>
